
Microsoft Visual Studio Solution File, Format Version 12.00
# Visual Studio Version 16
VisualStudioVersion = 16.0.29926.136
MinimumVisualStudioVersion = 10.0.40219.1
Project("{8BC9CEB8-8B4A-11D0-8D11-00A0C91BC942}") = "Attempt2", "..\..\AppData\Local\Temp\Temp4_TicTacToe.zip\Attempt2.vcxproj", "{AEBC6E36-1462-4E31-847B-883BDC02BE04}"
EndProject
Global
	GlobalSection(SolutionConfigurationPlatforms) = preSolution
		Debug|x64 = Debug|x64
		Debug|x86 = Debug|x86
		Release|x64 = Release|x64
		Release|x86 = Release|x86
	EndGlobalSection
	GlobalSection(ProjectConfigurationPlatforms) = postSolution
		{AEBC6E36-1462-4E31-847B-883BDC02BE04}.Debug|x64.ActiveCfg = Debug|x64
		{AEBC6E36-1462-4E31-847B-883BDC02BE04}.Debug|x64.Build.0 = Debug|x64
		{AEBC6E36-1462-4E31-847B-883BDC02BE04}.Debug|x86.ActiveCfg = Debug|Win32
		{AEBC6E36-1462-4E31-847B-883BDC02BE04}.Debug|x86.Build.0 = Debug|Win32
		{AEBC6E36-1462-4E31-847B-883BDC02BE04}.Release|x64.ActiveCfg = Release|x64
		{AEBC6E36-1462-4E31-847B-883BDC02BE04}.Release|x64.Build.0 = Release|x64
		{AEBC6E36-1462-4E31-847B-883BDC02BE04}.Release|x86.ActiveCfg = Release|Win32
		{AEBC6E36-1462-4E31-847B-883BDC02BE04}.Release|x86.Build.0 = Release|Win32
	EndGlobalSection
	GlobalSection(SolutionProperties) = preSolution
		HideSolutionNode = FALSE
	EndGlobalSection
	GlobalSection(ExtensibilityGlobals) = postSolution
		SolutionGuid = {30A32D30-FE5D-4D73-974F-0ADC00BEEB09}
	EndGlobalSection
EndGlobal
